// !$*UTF8*$!
{
	archiveVersion = 1;
	classes = {
	};
	objectVersion = 50;
	objects = {

/* Begin PBXBuildFile section */
		BBCF58BA2304AF0C001ECFEE /* AppDelegate.swift in Sources */ = {isa = PBXBuildFile; fileRef = BBCF58B92304AF0C001ECFEE /* AppDelegate.swift */; };
		BBCF58BC2304AF0C001ECFEE /* SceneDelegate.swift in Sources */ = {isa = PBXBuildFile; fileRef = BBCF58BB2304AF0C001ECFEE /* SceneDelegate.swift */; };
		BBCF58BE2304AF0C001ECFEE /* ViewController.swift in Sources */ = {isa = PBXBuildFile; fileRef = BBCF58BD2304AF0C001ECFEE /* ViewController.swift */; };
		BBCF58C12304AF0C001ECFEE /* Main.storyboard in Resources */ = {isa = PBXBuildFile; fileRef = BBCF58BF2304AF0C001ECFEE /* Main.storyboard */; };
		BBCF58C32304AF0E001ECFEE /* Assets.xcassets in Resources */ = {isa = PBXBuildFile; fileRef = BBCF58C22304AF0E001ECFEE /* Assets.xcassets */; };
		BBCF58C62304AF0E001ECFEE /* LaunchScreen.storyboard in Resources */ = {isa = PBXBuildFile; fileRef = BBCF58C42304AF0E001ECFEE /* LaunchScreen.storyboard */; };
/* End PBXBuildFile section */

/* Begin PBXFileReference section */
		BBCF58B62304AF0C001ECFEE /* exploring-se-keys.app */ = {isa = PBXFileReference; explicitFileType = wrapper.application; includeInIndex = 0; path = "exploring-se-keys.app"; sourceTree = BUILT_PRODUCTS_DIR; };
		BBCF58B92304AF0C001ECFEE /* AppDelegate.swift */ = {isa = PBXFileReference; lastKnownFileType = sourcecode.swift; path = AppDelegate.swift; sourceTree = "<group>"; };
		BBCF58BB2304AF0C001ECFEE /* SceneDelegate.swift */ = {isa = PBXFileReference; lastKnownFileType = sourcecode.swift; path = SceneDelegate.swift; sourceTree = "<group>"; };
		BBCF58BD2304AF0C001ECFEE /* ViewController.swift */ = {isa = PBXFileReference; lastKnownFileType = sourcecode.swift; path = ViewController.swift; sourceTree = "<group>"; };
		BBCF58C02304AF0C001ECFEE /* Base */ = {isa = PBXFileReference; lastKnownFileType = file.storyboard; name = Base; path = Base.lproj/Main.storyboard; sourceTree = "<group>"; };
		BBCF58C22304AF0E001ECFEE /* Assets.xcassets */ = {isa = PBXFileReference; lastKnownFileType = folder.assetcatalog; path = Assets.xcassets; sourceTree = "<group>"; };
		BBCF58C52304AF0E001ECFEE /* Base */ = {isa = PBXFileReference; lastKnownFileType = file.storyboard; name = Base; path = Base.lproj/LaunchScreen.storyboard; sourceTree = "<group>"; };
		BBCF58C72304AF0E001ECFEE /* Info.plist */ = {isa = PBXFileReference; lastKnownFileType = text.plist.xml; path = Info.plist; sourceTree = "<group>"; };
/* End PBXFileReference section */

/* Begin PBXFrameworksBuildPhase section */
		BBCF58B32304AF0C001ECFEE /* Frameworks */ = {
			isa = PBXFrameworksBuildPhase;
			buildActionMask = 2147483647;
			files = (
			);
			runOnlyForDeploymentPostprocessing = 0;
		};
/* End PBXFrameworksBuildPhase section */

/* Begin PBXGroup section */
		BBCF58AD2304AF0C001ECFEE = {
			isa = PBXGroup;
			children = (
				BBCF58B82304AF0C001ECFEE /* exploring-se-keys */,
				BBCF58B72304AF0C001ECFEE /* Products */,
			);
			sourceTree = "<group>";
		};
		BBCF58B72304AF0C001ECFEE /* Products */ = {
			isa = PBXGroup;
			children = (
				BBCF58B62304AF0C001ECFEE /* exploring-se-keys.app */,
			);
			name = Products;
			sourceTree = "<group>";
		};
		BBCF58B82304AF0C001ECFEE /* exploring-se-keys */ = {
			isa = PBXGroup;
			children = (
				BBCF58B92304AF0C001ECFEE /* AppDelegate.swift */,
				BBCF58BB2304AF0C001ECFEE /* SceneDelegate.swift */,
				BBCF58BD2304AF0C001ECFEE /* ViewController.swift */,
				BBCF58BF2304AF0C001ECFEE /* Main.storyboard */,
				BBCF58C22304AF0E001ECFEE /* Assets.xcassets */,
				BBCF58C42304AF0E001ECFEE /* LaunchScreen.storyboard */,
				BBCF58C72304AF0E001ECFEE /* Info.plist */,
			);
			path = "exploring-se-keys";
			sourceTree = "<group>";
		};
/* End PBXGroup section */

/* Begin PBXNativeTarget section */
		BBCF58B52304AF0C001ECFEE /* exploring-se-keys */ = {
			isa = PBXNativeTarget;
			buildConfigurationList = BBCF58CA2304AF0E001ECFEE /* Build configuration list for PBXNativeTarget "exploring-se-keys" */;
			buildPhases = (
				BBCF58B22304AF0C001ECFEE /* Sources */,
				BBCF58B32304AF0C001ECFEE /* Frameworks */,
				BBCF58B42304AF0C001ECFEE /* Resources */,
			);
			buildRules = (
			);
			dependencies = (
			);
			name = "exploring-se-keys";
			productName = "exploring-se-keys";
			productReference = BBCF58B62304AF0C001ECFEE /* exploring-se-keys.app */;
			productType = "com.apple.product-type.application";
		};
/* End PBXNativeTarget section */

/* Begin PBXProject section */
		BBCF58AE2304AF0C001ECFEE /* Project object */ = {
			isa = PBXProject;
			attributes = {
				LastSwiftUpdateCheck = 1100;
				LastUpgradeCheck = 1100;
				ORGANIZATIONNAME = "David Wagner";
				TargetAttributes = {
					BBCF58B52304AF0C001ECFEE = {
						CreatedOnToolsVersion = 11.0;
					};
				};
			};
			buildConfigurationList = BBCF58B12304AF0C001ECFEE /* Build configuration list for PBXProject "exploring-se-keys" */;
			compatibilityVersion = "Xcode 9.3";
			developmentRegion = en;
			hasScannedForEncodings = 0;
			knownRegions = (
				en,
				Base,
			);
			mainGroup = BBCF58AD2304AF0C001ECFEE;
			productRefGroup = BBCF58B72304AF0C001ECFEE /* Products */;
			projectDirPath = "";
			projectRoot = "";
			targets = (
				BBCF58B52304AF0C001ECFEE /* exploring-se-keys */,
			);
		};
/* End PBXProject section */

/* Begin PBXResourcesBuildPhase section */
		BBCF58B42304AF0C001ECFEE /* Resources */ = {
			isa = PBXResourcesBuildPhase;
			buildActionMask = 2147483647;
			files = (
				BBCF58C62304AF0E001ECFEE /* LaunchScreen.storyboard in Resources */,
				BBCF58C32304AF0E001ECFEE /* Assets.xcassets in Resources */,
				BBCF58C12304AF0C001ECFEE /* Main.storyboard in Resources */,
			);
			runOnlyForDeploymentPostprocessing = 0;
		};
/* End PBXResourcesBuildPhase section */

/* Begin PBXSourcesBuildPhase section */
		BBCF58B22304AF0C001ECFEE /* Sources */ = {
			isa = PBXSourcesBuildPhase;
			buildActionMask = 2147483647;
			files = (
				BBCF58BE2304AF0C001ECFEE /* ViewController.swift in Sources */,
				BBCF58BA2304AF0C001ECFEE /* AppDelegate.swift in Sources */,
				BBCF58BC2304AF0C001ECFEE /* SceneDelegate.swift in Sources */,
			);
			runOnlyForDeploymentPostprocessing = 0;
		};
/* End PBXSourcesBuildPhase section */

/* Begin PBXVariantGroup section */
		BBCF58BF2304AF0C001ECFEE /* Main.storyboard */ = {
			isa = PBXVariantGroup;
			children = (
				BBCF58C02304AF0C001ECFEE /* Base */,
			);
			name = Main.storyboard;
			sourceTree = "<group>";
		};
		BBCF58C42304AF0E001ECFEE /* LaunchScreen.storyboard */ = {
			isa = PBXVariantGroup;
			children = (
				BBCF58C52304AF0E001ECFEE /* Base */,
			);
			name = LaunchScreen.storyboard;
			sourceTree = "<group>";
		};
/* End PBXVariantGroup section */

/* Begin XCBuildConfiguration section */
		BBCF58C82304AF0E001ECFEE /* Debug */ = {
			isa = XCBuildConfiguration;
			buildSettings = {
				ALWAYS_SEARCH_USER_PATHS = NO;
				CLANG_ANALYZER_NONNULL = YES;
				CLANG_ANALYZER_NUMBER_OBJECT_CONVERSION = YES_AGGRESSIVE;
				CLANG_CXX_LANGUAGE_STANDARD = "gnu++14";
				CLANG_CXX_LIBRARY = "libc++";
				CLANG_ENABLE_MODULES = YES;
				CLANG_ENABLE_OBJC_ARC = YES;
				CLANG_ENABLE_OBJC_WEAK = YES;
				CLANG_WARN_BLOCK_CAPTURE_AUTORELEASING = YES;
				CLANG_WARN_BOOL_CONVERSION = YES;
				CLANG_WARN_COMMA = YES;
				CLANG_WARN_CONSTANT_CONVERSION = YES;
				CLANG_WARN_DEPRECATED_OBJC_IMPLEMENTATIONS = YES;
				CLANG_WARN_DIRECT_OBJC_ISA_USAGE = YES_ERROR;
				CLANG_WARN_DOCUMENTATION_COMMENTS = YES;
				CLANG_WARN_EMPTY_BODY = YES;
				CLANG_WARN_ENUM_CONVERSION = YES;
				CLANG_WARN_INFINITE_RECURSION = YES;
				CLANG_WARN_INT_CONVERSION = YES;
				CLANG_WARN_NON_LITERAL_NULL_CONVERSION = YES;
				CLANG_WARN_OBJC_IMPLICIT_RETAIN_SELF = YES;
				CLANG_WARN_OBJC_LITERAL_CONVERSION = YES;
				CLANG_WARN_OBJC_ROOT_CLASS = YES_ERROR;
				CLANG_WARN_RANGE_LOOP_ANALYSIS = YES;
				CLANG_WARN_STRICT_PROTOTYPES = YES;
				CLANG_WARN_SUSPICIOUS_MOVE = YES;
				CLANG_WARN_UNGUARDED_AVAILABILITY = YES_AGGRESSIVE;
				CLANG_WARN_UNREACHABLE_CODE = YES;
				CLANG_WARN__DUPLICATE_METHOD_MATCH = YES;
				COPY_PHASE_STRIP = NO;
				DEBUG_INFORMATION_FORMAT = dwarf;
				ENABLE_STRICT_OBJC_MSGSEND = YES;
				ENABLE_TESTABILITY = YES;
				GCC_C_LANGUAGE_STANDARD = gnu11;
				GCC_DYNAMIC_NO_PIC = NO;
				GCC_NO_COMMON_BLOCKS = YES;
				GCC_OPTIMIZATION_LEVEL = 0;
				GCC_PREPROCESSOR_DEFINITIONS = (
					"DEBUG=1",
					"$(inherited)",
				);
				GCC_WARN_64_TO_32_BIT_CONVERSION = YES;
				GCC_WARN_ABOUT_RETURN_TYPE = YES_ERROR;
				GCC_WARN_UNDECLARED_SELECTOR = YES;
				GCC_WARN_UNINITIALIZED_AUTOS = YES_AGGRESSIVE;
				GCC_WARN_UNUSED_FUNCTION = YES;
				GCC_WARN_UNUSED_VARIABLE = YES;
				IPHONEOS_DEPLOYMENT_TARGET = 11.0;
				MTL_ENABLE_DEBUG_INFO = INCLUDE_SOURCE;
				MTL_FAST_MATH = YES;
				ONLY_ACTIVE_ARCH = YES;
				SDKROOT = iphoneos;
				SWIFT_ACTIVE_COMPILATION_CONDITIONS = DEBUG;
				SWIFT_OPTIMIZATION_LEVEL = "-Onone";
			};
			name = Debug;
		};
		BBCF58C92304AF0E001ECFEE /* Release */ = {
			isa = XCBuildConfiguration;
			buildSettings = {
				ALWAYS_SEARCH_USER_PATHS = NO;
				CLANG_ANALYZER_NONNULL = YES;
				CLANG_ANALYZER_NUMBER_OBJECT_CONVERSION = YES_AGGRESSIVE;
				CLANG_CXX_LANGUAGE_STANDARD = "gnu++14";
				CLANG_CXX_LIBRARY = "libc++";
				CLANG_ENABLE_MODULES = YES;
				CLANG_ENABLE_OBJC_ARC = YES;
				CLANG_ENABLE_OBJC_WEAK = YES;
				CLANG_WARN_BLOCK_CAPTURE_AUTORELEASING = YES;
				CLANG_WARN_BOOL_CONVERSION = YES;
				CLANG_WARN_COMMA = YES;
				CLANG_WARN_CONSTANT_CONVERSION = YES;
				CLANG_WARN_DEPRECATED_OBJC_IMPLEMENTATIONS = YES;
				CLANG_WARN_DIRECT_OBJC_ISA_USAGE = YES_ERROR;
				CLANG_WARN_DOCUMENTATION_COMMENTS = YES;
				CLANG_WARN_EMPTY_BODY = YES;
				CLANG_WARN_ENUM_CONVERSION = YES;
				CLANG_WARN_INFINITE_RECURSION = YES;
				CLANG_WARN_INT_CONVERSION = YES;
				CLANG_WARN_NON_LITERAL_NULL_CONVERSION = YES;
				CLANG_WARN_OBJC_IMPLICIT_RETAIN_SELF = YES;
				CLANG_WARN_OBJC_LITERAL_CONVERSION = YES;
				CLANG_WARN_OBJC_ROOT_CLASS = YES_ERROR;
				CLANG_WARN_RANGE_LOOP_ANALYSIS = YES;
				CLANG_WARN_STRICT_PROTOTYPES = YES;
				CLANG_WARN_SUSPICIOUS_MOVE = YES;
				CLANG_WARN_UNGUARDED_AVAILABILITY = YES_AGGRESSIVE;
				CLANG_WARN_UNREACHABLE_CODE = YES;
				CLANG_WARN__DUPLICATE_METHOD_MATCH = YES;
				COPY_PHASE_STRIP = NO;
				DEBUG_INFORMATION_FORMAT = "dwarf-with-dsym";
				ENABLE_NS_ASSERTIONS = NO;
				ENABLE_STRICT_OBJC_MSGSEND = YES;
				GCC_C_LANGUAGE_STANDARD = gnu11;
				GCC_NO_COMMON_BLOCKS = YES;
				GCC_WARN_64_TO_32_BIT_CONVERSION = YES;
				GCC_WARN_ABOUT_RETURN_TYPE = YES_ERROR;
				GCC_WARN_UNDECLARED_SELECTOR = YES;
				GCC_WARN_UNINITIALIZED_AUTOS = YES_AGGRESSIVE;
				GCC_WARN_UNUSED_FUNCTION = YES;
				GCC_WARN_UNUSED_VARIABLE = YES;
				IPHONEOS_DEPLOYMENT_TARGET = 11.0;
				MTL_ENABLE_DEBUG_INFO = NO;
				MTL_FAST_MATH = YES;
				SDKROOT = iphoneos;
				SWIFT_COMPILATION_MODE = wholemodule;
				SWIFT_OPTIMIZATION_LEVEL = "-O";
				VALIDATE_PRODUCT = YES;
			};
			name = Release;
		};
		BBCF58CB2304AF0E001ECFEE /* Debug */ = {
			isa = XCBuildConfiguration;
			buildSettings = {
				ASSETCATALOG_COMPILER_APPICON_NAME = AppIcon;
				CODE_SIGN_STYLE = Automatic;
				DEVELOPMENT_TEAM = A8NKHWJDUL;
				INFOPLIST_FILE = "exploring-se-keys/Info.plist";
				LD_RUNPATH_SEARCH_PATHS = (
					"$(inherited)",
					"@executable_path/Frameworks",
				);
				PRODUCT_BUNDLE_IDENTIFIER = "com.noiseandheat.scratch.exploring-se-keys";
				PRODUCT_NAME = "$(TARGET_NAME)";
				SWIFT_VERSION = 5.0;
				TARGETED_DEVICE_FAMILY = "1,2";
			};
			name = Debug;
		};
		BBCF58CC2304AF0E001ECFEE /* Release */ = {
			isa = XCBuildConfiguration;
			buildSettings = {
				ASSETCATALOG_COMPILER_APPICON_NAME = AppIcon;
				CODE_SIGN_STYLE = Automatic;
				DEVELOPMENT_TEAM = A8NKHWJDUL;
				INFOPLIST_FILE = "exploring-se-keys/Info.plist";
				LD_RUNPATH_SEARCH_PATHS = (
					"$(inherited)",
					"@executable_path/Frameworks",
				);
				PRODUCT_BUNDLE_IDENTIFIER = "com.noiseandheat.scratch.exploring-se-keys";
				PRODUCT_NAME = "$(TARGET_NAME)";
				SWIFT_VERSION = 5.0;
				TARGETED_DEVICE_FAMILY = "1,2";
			};
			name = Release;
		};
/* End XCBuildConfiguration section */

/* Begin XCConfigurationList section */
		BBCF58B12304AF0C001ECFEE /* Build configuration list for PBXProject "exploring-se-keys" */ = {
			isa = XCConfigurationList;
			buildConfigurations = (
				BBCF58C82304AF0E001ECFEE /* Debug */,
				BBCF58C92304AF0E001ECFEE /* Release */,
			);
			defaultConfigurationIsVisible = 0;
			defaultConfigurationName = Release;
		};
		BBCF58CA2304AF0E001ECFEE /* Build configuration list for PBXNativeTarget "exploring-se-keys" */ = {
			isa = XCConfigurationList;
			buildConfigurations = (
				BBCF58CB2304AF0E001ECFEE /* Debug */,
				BBCF58CC2304AF0E001ECFEE /* Release */,
			);
			defaultConfigurationIsVisible = 0;
			defaultConfigurationName = Release;
		};
/* End XCConfigurationList section */
	};
	rootObject = BBCF58AE2304AF0C001ECFEE /* Project object */;
}
